{
  "name": "enrich-post",
  "lockfileVersion": 3,
  "requires": true,
  "packages": {
    "": {
      "name": "enrich-post",
      "dependencies": {
        "@sanity/functions": "1.0.2"
      }
    },
    "node_modules/@sanity/functions": {
      "version": "1.0.2",
      "resolved": "https://registry.npmjs.org/@sanity/functions/-/functions-1.0.2.tgz",
      "integrity": "sha512-qbLNmrNKn6QH8qjxWsuWZlg+tNzmqDVx0pbRDClgIOSpTFZGH4jhm1WHCoAxj267AJsmQO6+mbOc6tmKmG/vaA==",
      "license": "MIT",
      "engines": {
        "node": ">=20"
      }
    }
  }
}
